github.com/google/uuid v1.6.0 h1:NIvaJDMOsjHA8n1jAhLSgzrAzy1Hgr+hNrb57e+94F0=
github.com/google/uuid v1.6.0/go.mod h1:TIyPZe4MgqvfeYDBFedMoGGpEw/LqOeaOT+nhxU+yHo=
github.com/narik41/tictactoe-helper v0.6.0 h1:dAlJSYcnxQl0IBdOcbxQ8iWumoeNhl/2RDKjpxg8hq0=
github.com/narik41/tictactoe-helper v0.6.0/go.mod h1:u3uj9AtplDNYDucxxmCdx7vR0b5A5HIXJHtcwxBZbkY=
